
Microsoft Visual Studio Solution File, Format Version 12.00
# Visual Studio 15
VisualStudioVersion = 15.0.28307.136
MinimumVisualStudioVersion = 10.0.40219.1
Project("{FAE04EC0-301F-11D3-BF4B-00C04F79EFBC}") = "Internship-7-Library.Data", "Internship-7-Library.Data\Internship-7-Library.Data.csproj", "{1A3325AB-889C-4D2D-854D-0AC0E94CACE1}"
EndProject
Project("{FAE04EC0-301F-11D3-BF4B-00C04F79EFBC}") = "Internship-7-Library.Domain", "Internship-7-Library.Domain\Internship-7-Library.Domain.csproj", "{FA17F421-8097-4FF2-92C1-AD34B7B23A00}"
EndProject
Project("{FAE04EC0-301F-11D3-BF4B-00C04F79EFBC}") = "Internship-7-Library.Presentation", "Internship-7-Library.Presentation\Internship-7-Library.Presentation.csproj", "{BAE07BE0-4F96-40DC-BB3E-63A87E15D4C3}"
EndProject
Global
	GlobalSection(SolutionConfigurationPlatforms) = preSolution
		Debug|Any CPU = Debug|Any CPU
		Release|Any CPU = Release|Any CPU
	EndGlobalSection
	GlobalSection(ProjectConfigurationPlatforms) = postSolution
		{1A3325AB-889C-4D2D-854D-0AC0E94CACE1}.Debug|Any CPU.ActiveCfg = Debug|Any CPU
		{1A3325AB-889C-4D2D-854D-0AC0E94CACE1}.Debug|Any CPU.Build.0 = Debug|Any CPU
		{1A3325AB-889C-4D2D-854D-0AC0E94CACE1}.Release|Any CPU.ActiveCfg = Release|Any CPU
		{1A3325AB-889C-4D2D-854D-0AC0E94CACE1}.Release|Any CPU.Build.0 = Release|Any CPU
		{FA17F421-8097-4FF2-92C1-AD34B7B23A00}.Debug|Any CPU.ActiveCfg = Debug|Any CPU
		{FA17F421-8097-4FF2-92C1-AD34B7B23A00}.Debug|Any CPU.Build.0 = Debug|Any CPU
		{FA17F421-8097-4FF2-92C1-AD34B7B23A00}.Release|Any CPU.ActiveCfg = Release|Any CPU
		{FA17F421-8097-4FF2-92C1-AD34B7B23A00}.Release|Any CPU.Build.0 = Release|Any CPU
		{BAE07BE0-4F96-40DC-BB3E-63A87E15D4C3}.Debug|Any CPU.ActiveCfg = Debug|Any CPU
		{BAE07BE0-4F96-40DC-BB3E-63A87E15D4C3}.Debug|Any CPU.Build.0 = Debug|Any CPU
		{BAE07BE0-4F96-40DC-BB3E-63A87E15D4C3}.Release|Any CPU.ActiveCfg = Release|Any CPU
		{BAE07BE0-4F96-40DC-BB3E-63A87E15D4C3}.Release|Any CPU.Build.0 = Release|Any CPU
	EndGlobalSection
	GlobalSection(SolutionProperties) = preSolution
		HideSolutionNode = FALSE
	EndGlobalSection
	GlobalSection(ExtensibilityGlobals) = postSolution
		SolutionGuid = {97BF42FF-E499-41C0-B4C0-C6C723FD2600}
	EndGlobalSection
EndGlobal
